
Microsoft Visual Studio Solution File, Format Version 12.00
# Visual Studio Version 17
VisualStudioVersion = 17.8.34525.116
MinimumVisualStudioVersion = 10.0.40219.1
Project("{FAE04EC0-301F-11D3-BF4B-00C04F79EFBC}") = "WebApplication2", "WebApplication2.csproj", "{999203D7-397F-4783-AEE0-9CDFBAD0820B}"
EndProject
Project("{FAE04EC0-301F-11D3-BF4B-00C04F79EFBC}") = "Common", "..\Common\Common.csproj", "{B1EB9E0F-CC56-44AA-9A71-162DE2530F8E}"
EndProject
Project("{FAE04EC0-301F-11D3-BF4B-00C04F79EFBC}") = "Data", "..\Data\Data.csproj", "{863BDC01-4B36-44ED-975F-99F6E7BB3151}"
EndProject
Project("{FAE04EC0-301F-11D3-BF4B-00C04F79EFBC}") = "Core", "..\Core\Core.csproj", "{375EF124-EBD1-4392-95C5-F2948734BCE0}"
EndProject
Global
	GlobalSection(SolutionConfigurationPlatforms) = preSolution
		Debug|Any CPU = Debug|Any CPU
		Release|Any CPU = Release|Any CPU
	EndGlobalSection
	GlobalSection(ProjectConfigurationPlatforms) = postSolution
		{999203D7-397F-4783-AEE0-9CDFBAD0820B}.Debug|Any CPU.ActiveCfg = Debug|Any CPU
		{999203D7-397F-4783-AEE0-9CDFBAD0820B}.Debug|Any CPU.Build.0 = Debug|Any CPU
		{999203D7-397F-4783-AEE0-9CDFBAD0820B}.Release|Any CPU.ActiveCfg = Release|Any CPU
		{999203D7-397F-4783-AEE0-9CDFBAD0820B}.Release|Any CPU.Build.0 = Release|Any CPU
		{B1EB9E0F-CC56-44AA-9A71-162DE2530F8E}.Debug|Any CPU.ActiveCfg = Debug|Any CPU
		{B1EB9E0F-CC56-44AA-9A71-162DE2530F8E}.Debug|Any CPU.Build.0 = Debug|Any CPU
		{B1EB9E0F-CC56-44AA-9A71-162DE2530F8E}.Release|Any CPU.ActiveCfg = Release|Any CPU
		{B1EB9E0F-CC56-44AA-9A71-162DE2530F8E}.Release|Any CPU.Build.0 = Release|Any CPU
		{863BDC01-4B36-44ED-975F-99F6E7BB3151}.Debug|Any CPU.ActiveCfg = Debug|Any CPU
		{863BDC01-4B36-44ED-975F-99F6E7BB3151}.Debug|Any CPU.Build.0 = Debug|Any CPU
		{863BDC01-4B36-44ED-975F-99F6E7BB3151}.Release|Any CPU.ActiveCfg = Release|Any CPU
		{863BDC01-4B36-44ED-975F-99F6E7BB3151}.Release|Any CPU.Build.0 = Release|Any CPU
		{375EF124-EBD1-4392-95C5-F2948734BCE0}.Debug|Any CPU.ActiveCfg = Debug|Any CPU
		{375EF124-EBD1-4392-95C5-F2948734BCE0}.Debug|Any CPU.Build.0 = Debug|Any CPU
		{375EF124-EBD1-4392-95C5-F2948734BCE0}.Release|Any CPU.ActiveCfg = Release|Any CPU
		{375EF124-EBD1-4392-95C5-F2948734BCE0}.Release|Any CPU.Build.0 = Release|Any CPU
	EndGlobalSection
	GlobalSection(SolutionProperties) = preSolution
		HideSolutionNode = FALSE
	EndGlobalSection
	GlobalSection(ExtensibilityGlobals) = postSolution
		SolutionGuid = {4D18BAFC-9901-4D47-AE87-DC266D0A67D3}
	EndGlobalSection
EndGlobal
